
Microsoft Visual Studio Solution File, Format Version 12.00
# Visual Studio Version 16
VisualStudioVersion = 16.0.30320.27
MinimumVisualStudioVersion = 10.0.40219.1
Project("{FAE04EC0-301F-11D3-BF4B-00C04F79EFBC}") = "SaloonClient", "SaloonClient\SaloonClient.csproj", "{A8C2DB24-99C9-40B3-98BD-B181245B01F9}"
EndProject
Project("{FAE04EC0-301F-11D3-BF4B-00C04F79EFBC}") = "Saloon", "Saloon\Saloon.csproj", "{3800CC51-0A08-47AF-8191-1456AD90FF12}"
EndProject
Project("{FAE04EC0-301F-11D3-BF4B-00C04F79EFBC}") = "SaloonServer", "SaloonServer\SaloonServer.csproj", "{8D9E7868-A85B-4CA9-9EC5-DA690E99EC51}"
EndProject
Global
	GlobalSection(SolutionConfigurationPlatforms) = preSolution
		Debug|Any CPU = Debug|Any CPU
		Release|Any CPU = Release|Any CPU
	EndGlobalSection
	GlobalSection(ProjectConfigurationPlatforms) = postSolution
		{A8C2DB24-99C9-40B3-98BD-B181245B01F9}.Debug|Any CPU.ActiveCfg = Debug|Any CPU
		{A8C2DB24-99C9-40B3-98BD-B181245B01F9}.Debug|Any CPU.Build.0 = Debug|Any CPU
		{A8C2DB24-99C9-40B3-98BD-B181245B01F9}.Release|Any CPU.ActiveCfg = Release|Any CPU
		{A8C2DB24-99C9-40B3-98BD-B181245B01F9}.Release|Any CPU.Build.0 = Release|Any CPU
		{3800CC51-0A08-47AF-8191-1456AD90FF12}.Debug|Any CPU.ActiveCfg = Debug|Any CPU
		{3800CC51-0A08-47AF-8191-1456AD90FF12}.Debug|Any CPU.Build.0 = Debug|Any CPU
		{3800CC51-0A08-47AF-8191-1456AD90FF12}.Release|Any CPU.ActiveCfg = Release|Any CPU
		{3800CC51-0A08-47AF-8191-1456AD90FF12}.Release|Any CPU.Build.0 = Release|Any CPU
		{8D9E7868-A85B-4CA9-9EC5-DA690E99EC51}.Debug|Any CPU.ActiveCfg = Debug|Any CPU
		{8D9E7868-A85B-4CA9-9EC5-DA690E99EC51}.Debug|Any CPU.Build.0 = Debug|Any CPU
		{8D9E7868-A85B-4CA9-9EC5-DA690E99EC51}.Release|Any CPU.ActiveCfg = Release|Any CPU
		{8D9E7868-A85B-4CA9-9EC5-DA690E99EC51}.Release|Any CPU.Build.0 = Release|Any CPU
	EndGlobalSection
	GlobalSection(SolutionProperties) = preSolution
		HideSolutionNode = FALSE
	EndGlobalSection
	GlobalSection(ExtensibilityGlobals) = postSolution
		SolutionGuid = {1E7474B0-01D7-4BE9-BC54-855FDBC8589D}
	EndGlobalSection
EndGlobal
